
Microsoft Visual Studio Solution File, Format Version 12.00
# Visual Studio Version 16
VisualStudioVersion = 16.0.30611.23
MinimumVisualStudioVersion = 10.0.40219.1
Project("{FAE04EC0-301F-11D3-BF4B-00C04F79EFBC}") = "HumanisApi", "HumanisApi.csproj", "{8A95CAA1-8FCB-405A-A45B-5A7A4DFC67D4}"
EndProject
Global
	GlobalSection(SolutionConfigurationPlatforms) = preSolution
		Debug|Any CPU = Debug|Any CPU
		Release|Any CPU = Release|Any CPU
	EndGlobalSection
	GlobalSection(ProjectConfigurationPlatforms) = postSolution
		{8A95CAA1-8FCB-405A-A45B-5A7A4DFC67D4}.Debug|Any CPU.ActiveCfg = Debug|Any CPU
		{8A95CAA1-8FCB-405A-A45B-5A7A4DFC67D4}.Debug|Any CPU.Build.0 = Debug|Any CPU
		{8A95CAA1-8FCB-405A-A45B-5A7A4DFC67D4}.Release|Any CPU.ActiveCfg = Release|Any CPU
		{8A95CAA1-8FCB-405A-A45B-5A7A4DFC67D4}.Release|Any CPU.Build.0 = Release|Any CPU
	EndGlobalSection
	GlobalSection(SolutionProperties) = preSolution
		HideSolutionNode = FALSE
	EndGlobalSection
	GlobalSection(ExtensibilityGlobals) = postSolution
		SolutionGuid = {F1AE6038-FEEA-4888-A5EB-D2FD0F66AFC2}
	EndGlobalSection
EndGlobal
